
Microsoft Visual Studio Solution File, Format Version 12.00
# Visual Studio Version 16
VisualStudioVersion = 16.0.29215.179
MinimumVisualStudioVersion = 10.0.40219.1
Project("{9A19103F-16F7-4668-BE54-9A1E7A4F7556}") = "RestDB.Interfaces", "RestDB.Interfaces\RestDB.Interfaces.csproj", "{A469E338-2034-4583-A2D2-C0E832519540}"
EndProject
Project("{9A19103F-16F7-4668-BE54-9A1E7A4F7556}") = "RestDB.FileLayer", "RestDB.FileLayer\RestDB.FileLayer.csproj", "{244C672D-F24F-4188-85D9-344252601D6F}"
EndProject
Project("{9A19103F-16F7-4668-BE54-9A1E7A4F7556}") = "RestDB.UnitTests", "RestDB.UnitTests\RestDB.UnitTests.csproj", "{346CAF22-274A-4ED5-9489-155A9A841FBC}"
EndProject
Project("{2150E333-8FDC-42A3-9474-1A3956D46DE8}") = "Solution Items", "Solution Items", "{AB186BF7-A5C6-45BF-83C0-5498F5CFDA7C}"
	ProjectSection(SolutionItems) = preProject
		..\README.md = ..\README.md
	EndProjectSection
EndProject
Global
	GlobalSection(SolutionConfigurationPlatforms) = preSolution
		Debug|Any CPU = Debug|Any CPU
		Release|Any CPU = Release|Any CPU
	EndGlobalSection
	GlobalSection(ProjectConfigurationPlatforms) = postSolution
		{A469E338-2034-4583-A2D2-C0E832519540}.Debug|Any CPU.ActiveCfg = Debug|Any CPU
		{A469E338-2034-4583-A2D2-C0E832519540}.Debug|Any CPU.Build.0 = Debug|Any CPU
		{A469E338-2034-4583-A2D2-C0E832519540}.Release|Any CPU.ActiveCfg = Release|Any CPU
		{A469E338-2034-4583-A2D2-C0E832519540}.Release|Any CPU.Build.0 = Release|Any CPU
		{244C672D-F24F-4188-85D9-344252601D6F}.Debug|Any CPU.ActiveCfg = Debug|Any CPU
		{244C672D-F24F-4188-85D9-344252601D6F}.Debug|Any CPU.Build.0 = Debug|Any CPU
		{244C672D-F24F-4188-85D9-344252601D6F}.Release|Any CPU.ActiveCfg = Release|Any CPU
		{244C672D-F24F-4188-85D9-344252601D6F}.Release|Any CPU.Build.0 = Release|Any CPU
		{346CAF22-274A-4ED5-9489-155A9A841FBC}.Debug|Any CPU.ActiveCfg = Debug|Any CPU
		{346CAF22-274A-4ED5-9489-155A9A841FBC}.Debug|Any CPU.Build.0 = Debug|Any CPU
		{346CAF22-274A-4ED5-9489-155A9A841FBC}.Release|Any CPU.ActiveCfg = Release|Any CPU
		{346CAF22-274A-4ED5-9489-155A9A841FBC}.Release|Any CPU.Build.0 = Release|Any CPU
	EndGlobalSection
	GlobalSection(SolutionProperties) = preSolution
		HideSolutionNode = FALSE
	EndGlobalSection
	GlobalSection(ExtensibilityGlobals) = postSolution
		SolutionGuid = {FA02C11A-D912-43C2-A8E9-735B72A3EE84}
	EndGlobalSection
EndGlobal
